Microsoft Visual Studio Solution File, Format Version 12.00
# Visual Studio Version 17
VisualStudioVersion = 17.5.2.0
MinimumVisualStudioVersion = 10.0.40219.1
Project("{FAE04EC0-301F-11D3-BF4B-00C04F79EFBC}") = "Week5Api", "Week5Api.csproj", "{FB120E58-4422-9DD8-F919-0E2B56EC03D9}"
EndProject
Global
	GlobalSection(SolutionConfigurationPlatforms) = preSolution
		Debug|Any CPU = Debug|Any CPU
		Release|Any CPU = Release|Any CPU
	EndGlobalSection
	GlobalSection(ProjectConfigurationPlatforms) = postSolution
		{FB120E58-4422-9DD8-F919-0E2B56EC03D9}.Debug|Any CPU.ActiveCfg = Debug|Any CPU
		{FB120E58-4422-9DD8-F919-0E2B56EC03D9}.Debug|Any CPU.Build.0 = Debug|Any CPU
		{FB120E58-4422-9DD8-F919-0E2B56EC03D9}.Release|Any CPU.ActiveCfg = Release|Any CPU
		{FB120E58-4422-9DD8-F919-0E2B56EC03D9}.Release|Any CPU.Build.0 = Release|Any CPU
	EndGlobalSection
	GlobalSection(SolutionProperties) = preSolution
		HideSolutionNode = FALSE
	EndGlobalSection
	GlobalSection(ExtensibilityGlobals) = postSolution
		SolutionGuid = {B044F3FC-B5F9-44CB-8B40-E31C12B36312}
	EndGlobalSection
EndGlobal
